
Microsoft Visual Studio Solution File, Format Version 12.00
# Visual Studio Version 16
VisualStudioVersion = 16.0.30804.86
MinimumVisualStudioVersion = 10.0.40219.1
Project("{FAE04EC0-301F-11D3-BF4B-00C04F79EFBC}") = "CodeSnipet1", "CodeSnipet1\CodeSnipet1.csproj", "{5E95A491-F0E4-4233-A8F3-47DBDA58262D}"
EndProject
Project("{FAE04EC0-301F-11D3-BF4B-00C04F79EFBC}") = "CodeSnipet2", "CodeSnipet2\CodeSnipet2.csproj", "{F042E91E-7ADA-4835-A6F4-D3BB0EEB2C0C}"
EndProject
Project("{FAE04EC0-301F-11D3-BF4B-00C04F79EFBC}") = "CodeSnipet3", "CodeSnipet3\CodeSnipet3.csproj", "{188B6A6E-9E01-4E6F-884D-1220D92FDC23}"
EndProject
Project("{FAE04EC0-301F-11D3-BF4B-00C04F79EFBC}") = "CodeSnipet4", "CodeSnipet4\CodeSnipet4.csproj", "{E5221FA0-788A-4BF2-90CB-B9F7B2FD802B}"
EndProject
Project("{FAE04EC0-301F-11D3-BF4B-00C04F79EFBC}") = "CodeSnipet5", "CodeSnipet5\CodeSnipet5.csproj", "{4C563353-81D7-4E41-A6B2-03563D2F77E8}"
EndProject
Project("{FAE04EC0-301F-11D3-BF4B-00C04F79EFBC}") = "CodeSnipet6", "CodeSnipet6\CodeSnipet6.csproj", "{994DE38A-5461-462A-8DED-E99731A53194}"
EndProject
Project("{FAE04EC0-301F-11D3-BF4B-00C04F79EFBC}") = "CodeSnipet7", "CodeSnipet7\CodeSnipet7.csproj", "{D194BA34-D2F1-485E-8F59-6648AC3E0291}"
EndProject
Project("{FAE04EC0-301F-11D3-BF4B-00C04F79EFBC}") = "CodeSnipet8", "CodeSnipet8\CodeSnipet8.csproj", "{4B1FF45E-D1F6-4614-BA0A-E36D7DE9FE2C}"
EndProject
Project("{FAE04EC0-301F-11D3-BF4B-00C04F79EFBC}") = "CodeSnipet9", "CodeSnipet9\CodeSnipet9.csproj", "{EBFF86F1-CC3A-452F-95A8-7E2102B411AE}"
EndProject
Project("{FAE04EC0-301F-11D3-BF4B-00C04F79EFBC}") = "CodeSnipet10", "CodeSnipet10\CodeSnipet10.csproj", "{D77F9E99-46BF-41ED-9095-11862B2C9E47}"
EndProject
Project("{FAE04EC0-301F-11D3-BF4B-00C04F79EFBC}") = "CodeSnipet11", "CodeSnipet11\CodeSnipet11.csproj", "{ADA648F0-1F07-471A-85CF-ED61F64C9609}"
EndProject
Project("{FAE04EC0-301F-11D3-BF4B-00C04F79EFBC}") = "CodeSnipet12", "CodeSnipet12\CodeSnipet12.csproj", "{58B18F26-5F50-4FDF-AC97-448A3B6F616C}"
EndProject
Project("{FAE04EC0-301F-11D3-BF4B-00C04F79EFBC}") = "CodeSnipet13", "CodeSnipet13\CodeSnipet13.csproj", "{2E0DE94C-0C09-4CD3-8C0C-D5C7655E6F1D}"
EndProject
Project("{FAE04EC0-301F-11D3-BF4B-00C04F79EFBC}") = "CodeSnipet14", "CodeSnipet14\CodeSnipet14.csproj", "{2E8AEDA9-BECA-4C34-95D1-CB5ED6CDF1FE}"
EndProject
Project("{FAE04EC0-301F-11D3-BF4B-00C04F79EFBC}") = "CodeSnipet15", "CodeSnipet15\CodeSnipet15.csproj", "{379E6989-A86D-4D12-8252-7FB63F32D745}"
EndProject
Project("{FAE04EC0-301F-11D3-BF4B-00C04F79EFBC}") = "CodeSnipet16", "CodeSnipet16\CodeSnipet16.csproj", "{1C4E3AA7-0890-4BFB-9426-8CFA6B760D08}"
EndProject
Project("{FAE04EC0-301F-11D3-BF4B-00C04F79EFBC}") = "CodeSnipet17", "CodeSnipet17\CodeSnipet17.csproj", "{6A02B777-53DD-4E5E-95E4-FA4024B04E20}"
EndProject
Project("{FAE04EC0-301F-11D3-BF4B-00C04F79EFBC}") = "CodeSnipet18", "CodeSnipet18\CodeSnipet18.csproj", "{10E7A975-5B13-4A39-BE78-4C428D71BD5C}"
EndProject
Project("{FAE04EC0-301F-11D3-BF4B-00C04F79EFBC}") = "CodeSnipet19", "CodeSnipet19\CodeSnipet19.csproj", "{A856D906-C8DB-424E-BC07-99EB6FD054ED}"
EndProject
Project("{FAE04EC0-301F-11D3-BF4B-00C04F79EFBC}") = "CodeSnipet20", "CodeSnipet20\CodeSnipet20.csproj", "{0A456159-3902-4238-A64F-5F0477364DBB}"
EndProject
Project("{FAE04EC0-301F-11D3-BF4B-00C04F79EFBC}") = "CodeSnipet21", "CodeSnipet21\CodeSnipet21.csproj", "{18E9C8C5-9C7D-4230-A103-74E900B8C9D8}"
EndProject
Project("{FAE04EC0-301F-11D3-BF4B-00C04F79EFBC}") = "CodeSnipet22", "CodeSnipet22\CodeSnipet22.csproj", "{02B3B7AE-3530-42D0-ABC2-E6E137BC8030}"
EndProject
Project("{FAE04EC0-301F-11D3-BF4B-00C04F79EFBC}") = "CodeSnipet23", "CodeSnipet23\CodeSnipet23.csproj", "{80533C51-5C0D-421B-BF5A-562F871507C1}"
EndProject
Project("{FAE04EC0-301F-11D3-BF4B-00C04F79EFBC}") = "CodeSnipet24", "CodeSnipet24\CodeSnipet24.csproj", "{71E9ADB3-AB2C-4C34-BD55-F1714373DD6C}"
EndProject
Project("{FAE04EC0-301F-11D3-BF4B-00C04F79EFBC}") = "CodeSnipet25", "CodeSnipet25\CodeSnipet25.csproj", "{ACCB35FB-E9C1-478A-9C2C-9CA210E197E9}"
EndProject
Project("{FAE04EC0-301F-11D3-BF4B-00C04F79EFBC}") = "CodeSnipet26", "CodeSnipet26\CodeSnipet26.csproj", "{3363153D-E568-4F2B-999A-F7C2959DDEFC}"
EndProject
Global
	GlobalSection(SolutionConfigurationPlatforms) = preSolution
		Debug|Any CPU = Debug|Any CPU
		Release|Any CPU = Release|Any CPU
	EndGlobalSection
	GlobalSection(ProjectConfigurationPlatforms) = postSolution
		{5E95A491-F0E4-4233-A8F3-47DBDA58262D}.Debug|Any CPU.ActiveCfg = Debug|Any CPU
		{5E95A491-F0E4-4233-A8F3-47DBDA58262D}.Debug|Any CPU.Build.0 = Debug|Any CPU
		{5E95A491-F0E4-4233-A8F3-47DBDA58262D}.Release|Any CPU.ActiveCfg = Release|Any CPU
		{5E95A491-F0E4-4233-A8F3-47DBDA58262D}.Release|Any CPU.Build.0 = Release|Any CPU
		{F042E91E-7ADA-4835-A6F4-D3BB0EEB2C0C}.Debug|Any CPU.ActiveCfg = Debug|Any CPU
		{F042E91E-7ADA-4835-A6F4-D3BB0EEB2C0C}.Debug|Any CPU.Build.0 = Debug|Any CPU
		{F042E91E-7ADA-4835-A6F4-D3BB0EEB2C0C}.Release|Any CPU.ActiveCfg = Release|Any CPU
		{F042E91E-7ADA-4835-A6F4-D3BB0EEB2C0C}.Release|Any CPU.Build.0 = Release|Any CPU
		{188B6A6E-9E01-4E6F-884D-1220D92FDC23}.Debug|Any CPU.ActiveCfg = Debug|Any CPU
		{188B6A6E-9E01-4E6F-884D-1220D92FDC23}.Debug|Any CPU.Build.0 = Debug|Any CPU
		{188B6A6E-9E01-4E6F-884D-1220D92FDC23}.Release|Any CPU.ActiveCfg = Release|Any CPU
		{188B6A6E-9E01-4E6F-884D-1220D92FDC23}.Release|Any CPU.Build.0 = Release|Any CPU
		{E5221FA0-788A-4BF2-90CB-B9F7B2FD802B}.Debug|Any CPU.ActiveCfg = Debug|Any CPU
		{E5221FA0-788A-4BF2-90CB-B9F7B2FD802B}.Debug|Any CPU.Build.0 = Debug|Any CPU
		{E5221FA0-788A-4BF2-90CB-B9F7B2FD802B}.Release|Any CPU.ActiveCfg = Release|Any CPU
		{E5221FA0-788A-4BF2-90CB-B9F7B2FD802B}.Release|Any CPU.Build.0 = Release|Any CPU
		{4C563353-81D7-4E41-A6B2-03563D2F77E8}.Debug|Any CPU.ActiveCfg = Debug|Any CPU
		{4C563353-81D7-4E41-A6B2-03563D2F77E8}.Debug|Any CPU.Build.0 = Debug|Any CPU
		{4C563353-81D7-4E41-A6B2-03563D2F77E8}.Release|Any CPU.ActiveCfg = Release|Any CPU
		{4C563353-81D7-4E41-A6B2-03563D2F77E8}.Release|Any CPU.Build.0 = Release|Any CPU
		{994DE38A-5461-462A-8DED-E99731A53194}.Debug|Any CPU.ActiveCfg = Debug|Any CPU
		{994DE38A-5461-462A-8DED-E99731A53194}.Debug|Any CPU.Build.0 = Debug|Any CPU
		{994DE38A-5461-462A-8DED-E99731A53194}.Release|Any CPU.ActiveCfg = Release|Any CPU
		{994DE38A-5461-462A-8DED-E99731A53194}.Release|Any CPU.Build.0 = Release|Any CPU
		{D194BA34-D2F1-485E-8F59-6648AC3E0291}.Debug|Any CPU.ActiveCfg = Debug|Any CPU
		{D194BA34-D2F1-485E-8F59-6648AC3E0291}.Debug|Any CPU.Build.0 = Debug|Any CPU
		{D194BA34-D2F1-485E-8F59-6648AC3E0291}.Release|Any CPU.ActiveCfg = Release|Any CPU
		{D194BA34-D2F1-485E-8F59-6648AC3E0291}.Release|Any CPU.Build.0 = Release|Any CPU
		{4B1FF45E-D1F6-4614-BA0A-E36D7DE9FE2C}.Debug|Any CPU.ActiveCfg = Debug|Any CPU
		{4B1FF45E-D1F6-4614-BA0A-E36D7DE9FE2C}.Debug|Any CPU.Build.0 = Debug|Any CPU
		{4B1FF45E-D1F6-4614-BA0A-E36D7DE9FE2C}.Release|Any CPU.ActiveCfg = Release|Any CPU
		{4B1FF45E-D1F6-4614-BA0A-E36D7DE9FE2C}.Release|Any CPU.Build.0 = Release|Any CPU
		{EBFF86F1-CC3A-452F-95A8-7E2102B411AE}.Debug|Any CPU.ActiveCfg = Debug|Any CPU
		{EBFF86F1-CC3A-452F-95A8-7E2102B411AE}.Debug|Any CPU.Build.0 = Debug|Any CPU
		{EBFF86F1-CC3A-452F-95A8-7E2102B411AE}.Release|Any CPU.ActiveCfg = Release|Any CPU
		{EBFF86F1-CC3A-452F-95A8-7E2102B411AE}.Release|Any CPU.Build.0 = Release|Any CPU
		{D77F9E99-46BF-41ED-9095-11862B2C9E47}.Debug|Any CPU.ActiveCfg = Debug|Any CPU
		{D77F9E99-46BF-41ED-9095-11862B2C9E47}.Debug|Any CPU.Build.0 = Debug|Any CPU
		{D77F9E99-46BF-41ED-9095-11862B2C9E47}.Release|Any CPU.ActiveCfg = Release|Any CPU
		{D77F9E99-46BF-41ED-9095-11862B2C9E47}.Release|Any CPU.Build.0 = Release|Any CPU
		{ADA648F0-1F07-471A-85CF-ED61F64C9609}.Debug|Any CPU.ActiveCfg = Debug|Any CPU
		{ADA648F0-1F07-471A-85CF-ED61F64C9609}.Debug|Any CPU.Build.0 = Debug|Any CPU
		{ADA648F0-1F07-471A-85CF-ED61F64C9609}.Release|Any CPU.ActiveCfg = Release|Any CPU
		{ADA648F0-1F07-471A-85CF-ED61F64C9609}.Release|Any CPU.Build.0 = Release|Any CPU
		{58B18F26-5F50-4FDF-AC97-448A3B6F616C}.Debug|Any CPU.ActiveCfg = Debug|Any CPU
		{58B18F26-5F50-4FDF-AC97-448A3B6F616C}.Debug|Any CPU.Build.0 = Debug|Any CPU
		{58B18F26-5F50-4FDF-AC97-448A3B6F616C}.Release|Any CPU.ActiveCfg = Release|Any CPU
		{58B18F26-5F50-4FDF-AC97-448A3B6F616C}.Release|Any CPU.Build.0 = Release|Any CPU
		{2E0DE94C-0C09-4CD3-8C0C-D5C7655E6F1D}.Debug|Any CPU.ActiveCfg = Debug|Any CPU
		{2E0DE94C-0C09-4CD3-8C0C-D5C7655E6F1D}.Debug|Any CPU.Build.0 = Debug|Any CPU
		{2E0DE94C-0C09-4CD3-8C0C-D5C7655E6F1D}.Release|Any CPU.ActiveCfg = Release|Any CPU
		{2E0DE94C-0C09-4CD3-8C0C-D5C7655E6F1D}.Release|Any CPU.Build.0 = Release|Any CPU
		{2E8AEDA9-BECA-4C34-95D1-CB5ED6CDF1FE}.Debug|Any CPU.ActiveCfg = Debug|Any CPU
		{2E8AEDA9-BECA-4C34-95D1-CB5ED6CDF1FE}.Debug|Any CPU.Build.0 = Debug|Any CPU
		{2E8AEDA9-BECA-4C34-95D1-CB5ED6CDF1FE}.Release|Any CPU.ActiveCfg = Release|Any CPU
		{2E8AEDA9-BECA-4C34-95D1-CB5ED6CDF1FE}.Release|Any CPU.Build.0 = Release|Any CPU
		{379E6989-A86D-4D12-8252-7FB63F32D745}.Debug|Any CPU.ActiveCfg = Debug|Any CPU
		{379E6989-A86D-4D12-8252-7FB63F32D745}.Debug|Any CPU.Build.0 = Debug|Any CPU
		{379E6989-A86D-4D12-8252-7FB63F32D745}.Release|Any CPU.ActiveCfg = Release|Any CPU
		{379E6989-A86D-4D12-8252-7FB63F32D745}.Release|Any CPU.Build.0 = Release|Any CPU
		{1C4E3AA7-0890-4BFB-9426-8CFA6B760D08}.Debug|Any CPU.ActiveCfg = Debug|Any CPU
		{1C4E3AA7-0890-4BFB-9426-8CFA6B760D08}.Debug|Any CPU.Build.0 = Debug|Any CPU
		{1C4E3AA7-0890-4BFB-9426-8CFA6B760D08}.Release|Any CPU.ActiveCfg = Release|Any CPU
		{1C4E3AA7-0890-4BFB-9426-8CFA6B760D08}.Release|Any CPU.Build.0 = Release|Any CPU
		{6A02B777-53DD-4E5E-95E4-FA4024B04E20}.Debug|Any CPU.ActiveCfg = Debug|Any CPU
		{6A02B777-53DD-4E5E-95E4-FA4024B04E20}.Debug|Any CPU.Build.0 = Debug|Any CPU
		{6A02B777-53DD-4E5E-95E4-FA4024B04E20}.Release|Any CPU.ActiveCfg = Release|Any CPU
		{6A02B777-53DD-4E5E-95E4-FA4024B04E20}.Release|Any CPU.Build.0 = Release|Any CPU
		{10E7A975-5B13-4A39-BE78-4C428D71BD5C}.Debug|Any CPU.ActiveCfg = Debug|Any CPU
		{10E7A975-5B13-4A39-BE78-4C428D71BD5C}.Debug|Any CPU.Build.0 = Debug|Any CPU
		{10E7A975-5B13-4A39-BE78-4C428D71BD5C}.Release|Any CPU.ActiveCfg = Release|Any CPU
		{10E7A975-5B13-4A39-BE78-4C428D71BD5C}.Release|Any CPU.Build.0 = Release|Any CPU
		{A856D906-C8DB-424E-BC07-99EB6FD054ED}.Debug|Any CPU.ActiveCfg = Debug|Any CPU
		{A856D906-C8DB-424E-BC07-99EB6FD054ED}.Debug|Any CPU.Build.0 = Debug|Any CPU
		{A856D906-C8DB-424E-BC07-99EB6FD054ED}.Release|Any CPU.ActiveCfg = Release|Any CPU
		{A856D906-C8DB-424E-BC07-99EB6FD054ED}.Release|Any CPU.Build.0 = Release|Any CPU
		{0A456159-3902-4238-A64F-5F0477364DBB}.Debug|Any CPU.ActiveCfg = Debug|Any CPU
		{0A456159-3902-4238-A64F-5F0477364DBB}.Debug|Any CPU.Build.0 = Debug|Any CPU
		{0A456159-3902-4238-A64F-5F0477364DBB}.Release|Any CPU.ActiveCfg = Release|Any CPU
		{0A456159-3902-4238-A64F-5F0477364DBB}.Release|Any CPU.Build.0 = Release|Any CPU
		{18E9C8C5-9C7D-4230-A103-74E900B8C9D8}.Debug|Any CPU.ActiveCfg = Debug|Any CPU
		{18E9C8C5-9C7D-4230-A103-74E900B8C9D8}.Debug|Any CPU.Build.0 = Debug|Any CPU
		{18E9C8C5-9C7D-4230-A103-74E900B8C9D8}.Release|Any CPU.ActiveCfg = Release|Any CPU
		{18E9C8C5-9C7D-4230-A103-74E900B8C9D8}.Release|Any CPU.Build.0 = Release|Any CPU
		{02B3B7AE-3530-42D0-ABC2-E6E137BC8030}.Debug|Any CPU.ActiveCfg = Debug|Any CPU
		{02B3B7AE-3530-42D0-ABC2-E6E137BC8030}.Debug|Any CPU.Build.0 = Debug|Any CPU
		{02B3B7AE-3530-42D0-ABC2-E6E137BC8030}.Release|Any CPU.ActiveCfg = Release|Any CPU
		{02B3B7AE-3530-42D0-ABC2-E6E137BC8030}.Release|Any CPU.Build.0 = Release|Any CPU
		{80533C51-5C0D-421B-BF5A-562F871507C1}.Debug|Any CPU.ActiveCfg = Debug|Any CPU
		{80533C51-5C0D-421B-BF5A-562F871507C1}.Debug|Any CPU.Build.0 = Debug|Any CPU
		{80533C51-5C0D-421B-BF5A-562F871507C1}.Release|Any CPU.ActiveCfg = Release|Any CPU
		{80533C51-5C0D-421B-BF5A-562F871507C1}.Release|Any CPU.Build.0 = Release|Any CPU
		{71E9ADB3-AB2C-4C34-BD55-F1714373DD6C}.Debug|Any CPU.ActiveCfg = Debug|Any CPU
		{71E9ADB3-AB2C-4C34-BD55-F1714373DD6C}.Debug|Any CPU.Build.0 = Debug|Any CPU
		{71E9ADB3-AB2C-4C34-BD55-F1714373DD6C}.Release|Any CPU.ActiveCfg = Release|Any CPU
		{71E9ADB3-AB2C-4C34-BD55-F1714373DD6C}.Release|Any CPU.Build.0 = Release|Any CPU
		{ACCB35FB-E9C1-478A-9C2C-9CA210E197E9}.Debug|Any CPU.ActiveCfg = Debug|Any CPU
		{ACCB35FB-E9C1-478A-9C2C-9CA210E197E9}.Debug|Any CPU.Build.0 = Debug|Any CPU
		{ACCB35FB-E9C1-478A-9C2C-9CA210E197E9}.Release|Any CPU.ActiveCfg = Release|Any CPU
		{ACCB35FB-E9C1-478A-9C2C-9CA210E197E9}.Release|Any CPU.Build.0 = Release|Any CPU
		{3363153D-E568-4F2B-999A-F7C2959DDEFC}.Debug|Any CPU.ActiveCfg = Debug|Any CPU
		{3363153D-E568-4F2B-999A-F7C2959DDEFC}.Debug|Any CPU.Build.0 = Debug|Any CPU
		{3363153D-E568-4F2B-999A-F7C2959DDEFC}.Release|Any CPU.ActiveCfg = Release|Any CPU
		{3363153D-E568-4F2B-999A-F7C2959DDEFC}.Release|Any CPU.Build.0 = Release|Any CPU
	EndGlobalSection
	GlobalSection(SolutionProperties) = preSolution
		HideSolutionNode = FALSE
	EndGlobalSection
	GlobalSection(ExtensibilityGlobals) = postSolution
		SolutionGuid = {4B34077E-9A05-4AFE-803B-BCDAB7E97A8A}
	EndGlobalSection
EndGlobal
